
Microsoft Visual Studio Solution File, Format Version 12.00
# Visual Studio Version 17
VisualStudioVersion = 17.8.34330.188
MinimumVisualStudioVersion = 10.0.40219.1
Project("{FAE04EC0-301F-11D3-BF4B-00C04F79EFBC}") = "WindowsFormsApp1", "WindowsFormsApp1\WindowsFormsApp1.csproj", "{2B4FF188-C12E-42B9-87B9-1FB5310E0122}"
EndProject
Global
	GlobalSection(SolutionConfigurationPlatforms) = preSolution
		Debug|Any CPU = Debug|Any CPU
		Release|Any CPU = Release|Any CPU
	EndGlobalSection
	GlobalSection(ProjectConfigurationPlatforms) = postSolution
		{2B4FF188-C12E-42B9-87B9-1FB5310E0122}.Debug|Any CPU.ActiveCfg = Debug|Any CPU
		{2B4FF188-C12E-42B9-87B9-1FB5310E0122}.Debug|Any CPU.Build.0 = Debug|Any CPU
		{2B4FF188-C12E-42B9-87B9-1FB5310E0122}.Release|Any CPU.ActiveCfg = Release|Any CPU
		{2B4FF188-C12E-42B9-87B9-1FB5310E0122}.Release|Any CPU.Build.0 = Release|Any CPU
	EndGlobalSection
	GlobalSection(SolutionProperties) = preSolution
		HideSolutionNode = FALSE
	EndGlobalSection
	GlobalSection(ExtensibilityGlobals) = postSolution
		SolutionGuid = {2DE139AC-B507-45BB-8858-5ACD9ABB1BBB}
	EndGlobalSection
EndGlobal
